// !$*UTF8*$!
{
	archiveVersion = 1;
	classes = {
	};
	objectVersion = 46;
	objects = {

/* Begin PBXBuildFile section */
		DCADFC4D1B90530700F6689C /* LICENSE in Resources */ = {isa = PBXBuildFile; fileRef = DCADFBFD1B90530700F6689C /* LICENSE */; };
		DCADFC4E1B90530700F6689C /* libcrypto.a in Frameworks */ = {isa = PBXBuildFile; fileRef = DCADFC4B1B90530700F6689C /* libcrypto.a */; };
		DCADFC4F1B90530700F6689C /* libssl.a in Frameworks */ = {isa = PBXBuildFile; fileRef = DCADFC4C1B90530700F6689C /* libssl.a */; };
		DCF1A6F51B9BD53500DBD6C8 /* AppDelegate.m in Sources */ = {isa = PBXBuildFile; fileRef = DCF1A6C11B9BD53500DBD6C8 /* AppDelegate.m */; };
		DCF1A6F61B9BD53500DBD6C8 /* LaunchScreen.xib in Resources */ = {isa = PBXBuildFile; fileRef = DCF1A6C21B9BD53500DBD6C8 /* LaunchScreen.xib */; };
		DCF1A6F71B9BD53500DBD6C8 /* Main.storyboard in Resources */ = {isa = PBXBuildFile; fileRef = DCF1A6C41B9BD53500DBD6C8 /* Main.storyboard */; };
		DCF1A6F81B9BD53500DBD6C8 /* CRSA.m in Sources */ = {isa = PBXBuildFile; fileRef = DCF1A6C71B9BD53500DBD6C8 /* CRSA.m */; };
		DCF1A6F91B9BD53500DBD6C8 /* GTMBase64.m in Sources */ = {isa = PBXBuildFile; fileRef = DCF1A6C91B9BD53500DBD6C8 /* GTMBase64.m */; };
		DCF1A6FA1B9BD53500DBD6C8 /* Images.xcassets in Resources */ = {isa = PBXBuildFile; fileRef = DCF1A6CB1B9BD53500DBD6C8 /* Images.xcassets */; };
		DCF1A6FB1B9BD53500DBD6C8 /* Info.plist in Resources */ = {isa = PBXBuildFile; fileRef = DCF1A6CC1B9BD53500DBD6C8 /* Info.plist */; };
		DCF1A6FC1B9BD53500DBD6C8 /* LcAESRSA.m in Sources */ = {isa = PBXBuildFile; fileRef = DCF1A6CE1B9BD53500DBD6C8 /* LcAESRSA.m */; };
		DCF1A6FD1B9BD53500DBD6C8 /* main.m in Sources */ = {isa = PBXBuildFile; fileRef = DCF1A6CF1B9BD53500DBD6C8 /* main.m */; };
		DCF1A6FE1B9BD53500DBD6C8 /* NSData+AES256.m in Sources */ = {isa = PBXBuildFile; fileRef = DCF1A6D11B9BD53500DBD6C8 /* NSData+AES256.m */; };
		DCF1A6FF1B9BD53500DBD6C8 /* paypal.pkcs12 in Resources */ = {isa = PBXBuildFile; fileRef = DCF1A6D21B9BD53500DBD6C8 /* paypal.pkcs12 */; };
		DCF1A7001B9BD53500DBD6C8 /* private_key.pem in Resources */ = {isa = PBXBuildFile; fileRef = DCF1A6D31B9BD53500DBD6C8 /* private_key.pem */; };
		DCF1A7011B9BD53500DBD6C8 /* public_key.pem in Resources */ = {isa = PBXBuildFile; fileRef = DCF1A6D41B9BD53500DBD6C8 /* public_key.pem */; };
		DCF1A7021B9BD53500DBD6C8 /* NSObject+SBJson.m in Sources */ = {isa = PBXBuildFile; fileRef = DCF1A6D91B9BD53500DBD6C8 /* NSObject+SBJson.m */; };
		DCF1A7031B9BD53500DBD6C8 /* SBJsonParser.m in Sources */ = {isa = PBXBuildFile; fileRef = DCF1A6DC1B9BD53500DBD6C8 /* SBJsonParser.m */; };
		DCF1A7041B9BD53500DBD6C8 /* SBJsonStreamParser.m in Sources */ = {isa = PBXBuildFile; fileRef = DCF1A6DE1B9BD53500DBD6C8 /* SBJsonStreamParser.m */; };
		DCF1A7051B9BD53500DBD6C8 /* SBJsonStreamParserAccumulator.m in Sources */ = {isa = PBXBuildFile; fileRef = DCF1A6E01B9BD53500DBD6C8 /* SBJsonStreamParserAccumulator.m */; };
		DCF1A7061B9BD53500DBD6C8 /* SBJsonStreamParserAdapter.m in Sources */ = {isa = PBXBuildFile; fileRef = DCF1A6E21B9BD53500DBD6C8 /* SBJsonStreamParserAdapter.m */; };
		DCF1A7071B9BD53500DBD6C8 /* SBJsonStreamParserState.m in Sources */ = {isa = PBXBuildFile; fileRef = DCF1A6E41B9BD53500DBD6C8 /* SBJsonStreamParserState.m */; };
		DCF1A7081B9BD53500DBD6C8 /* SBJsonStreamWriter.m in Sources */ = {isa = PBXBuildFile; fileRef = DCF1A6E61B9BD53500DBD6C8 /* SBJsonStreamWriter.m */; };
		DCF1A7091B9BD53500DBD6C8 /* SBJsonStreamWriterAccumulator.m in Sources */ = {isa = PBXBuildFile; fileRef = DCF1A6E81B9BD53500DBD6C8 /* SBJsonStreamWriterAccumulator.m */; };
		DCF1A70A1B9BD53500DBD6C8 /* SBJsonStreamWriterState.m in Sources */ = {isa = PBXBuildFile; fileRef = DCF1A6EA1B9BD53500DBD6C8 /* SBJsonStreamWriterState.m */; };
		DCF1A70B1B9BD53500DBD6C8 /* SBJsonTokeniser.m in Sources */ = {isa = PBXBuildFile; fileRef = DCF1A6EC1B9BD53500DBD6C8 /* SBJsonTokeniser.m */; };
		DCF1A70C1B9BD53500DBD6C8 /* SBJsonUTF8Stream.m in Sources */ = {isa = PBXBuildFile; fileRef = DCF1A6EE1B9BD53500DBD6C8 /* SBJsonUTF8Stream.m */; };
		DCF1A70D1B9BD53500DBD6C8 /* SBJsonWriter.m in Sources */ = {isa = PBXBuildFile; fileRef = DCF1A6F01B9BD53500DBD6C8 /* SBJsonWriter.m */; };
		DCF1A70E1B9BD53500DBD6C8 /* ViewController.m in Sources */ = {isa = PBXBuildFile; fileRef = DCF1A6F21B9BD53500DBD6C8 /* ViewController.m */; };
/* End PBXBuildFile section */

/* Begin PBXFileReference section */
		DC74EDA01B8ED5A9008C1062 /* AES_RSA.app */ = {isa = PBXFileReference; explicitFileType = wrapper.application; includeInIndex = 0; path = AES_RSA.app; sourceTree = BUILT_PRODUCTS_DIR; };
		DCADFBFD1B90530700F6689C /* LICENSE */ = {isa = PBXFileReference; fileEncoding = 4; lastKnownFileType = text; path = LICENSE; sourceTree = "<group>"; };
		DCADFBFF1B90530700F6689C /* aes.h */ = {isa = PBXFileReference; fileEncoding = 4; lastKnownFileType = sourcecode.c.h; path = aes.h; sourceTree = "<group>"; };
		DCADFC001B90530700F6689C /* asn1.h */ = {isa = PBXFileReference; fileEncoding = 4; lastKnownFileType = sourcecode.c.h; path = asn1.h; sourceTree = "<group>"; };
		DCADFC011B90530700F6689C /* asn1_mac.h */ = {isa = PBXFileReference; fileEncoding = 4; lastKnownFileType = sourcecode.c.h; path = asn1_mac.h; sourceTree = "<group>"; };
		DCADFC021B90530700F6689C /* asn1t.h */ = {isa = PBXFileReference; fileEncoding = 4; lastKnownFileType = sourcecode.c.h; path = asn1t.h; sourceTree = "<group>"; };
		DCADFC031B90530700F6689C /* bio.h */ = {isa = PBXFileReference; fileEncoding = 4; lastKnownFileType = sourcecode.c.h; path = bio.h; sourceTree = "<group>"; };
		DCADFC041B90530700F6689C /* blowfish.h */ = {isa = PBXFileReference; fileEncoding = 4; lastKnownFileType = sourcecode.c.h; path = blowfish.h; sourceTree = "<group>"; };
		DCADFC051B90530700F6689C /* bn.h */ = {isa = PBXFileReference; fileEncoding = 4; lastKnownFileType = sourcecode.c.h; path = bn.h; sourceTree = "<group>"; };
		DCADFC061B90530700F6689C /* buffer.h */ = {isa = PBXFileReference; fileEncoding = 4; lastKnownFileType = sourcecode.c.h; path = buffer.h; sourceTree = "<group>"; };
		DCADFC071B90530700F6689C /* camellia.h */ = {isa = PBXFileReference; fileEncoding = 4; lastKnownFileType = sourcecode.c.h; path = camellia.h; sourceTree = "<group>"; };
		DCADFC081B90530700F6689C /* cast.h */ = {isa = PBXFileReference; fileEncoding = 4; lastKnownFileType = sourcecode.c.h; path = cast.h; sourceTree = "<group>"; };
		DCADFC091B90530700F6689C /* cmac.h */ = {isa = PBXFileReference; fileEncoding = 4; lastKnownFileType = sourcecode.c.h; path = cmac.h; sourceTree = "<group>"; };
		DCADFC0A1B90530700F6689C /* cms.h */ = {isa = PBXFileReference; fileEncoding = 4; lastKnownFileType = sourcecode.c.h; path = cms.h; sourceTree = "<group>"; };
		DCADFC0B1B90530700F6689C /* comp.h */ = {isa = PBXFileReference; fileEncoding = 4; lastKnownFileType = sourcecode.c.h; path = comp.h; sourceTree = "<group>"; };
		DCADFC0C1B90530700F6689C /* conf.h */ = {isa = PBXFileReference; fileEncoding = 4; lastKnownFileType = sourcecode.c.h; path = conf.h; sourceTree = "<group>"; };
		DCADFC0D1B90530700F6689C /* conf_api.h */ = {isa = PBXFileReference; fileEncoding = 4; lastKnownFileType = sourcecode.c.h; path = conf_api.h; sourceTree = "<group>"; };
		DCADFC0E1B90530700F6689C /* crypto.h */ = {isa = PBXFileReference; fileEncoding = 4; lastKnownFileType = sourcecode.c.h; path = crypto.h; sourceTree = "<group>"; };
		DCADFC0F1B90530700F6689C /* des.h */ = {isa = PBXFileReference; fileEncoding = 4; lastKnownFileType = sourcecode.c.h; path = des.h; sourceTree = "<group>"; };
		DCADFC101B90530700F6689C /* des_old.h */ = {isa = PBXFileReference; fileEncoding = 4; lastKnownFileType = sourcecode.c.h; path = des_old.h; sourceTree = "<group>"; };
		DCADFC111B90530700F6689C /* dh.h */ = {isa = PBXFileReference; fileEncoding = 4; lastKnownFileType = sourcecode.c.h; path = dh.h; sourceTree = "<group>"; };
		DCADFC121B90530700F6689C /* dsa.h */ = {isa = PBXFileReference; fileEncoding = 4; lastKnownFileType = sourcecode.c.h; path = dsa.h; sourceTree = "<group>"; };
		DCADFC131B90530700F6689C /* dso.h */ = {isa = PBXFileReference; fileEncoding = 4; lastKnownFileType = sourcecode.c.h; path = dso.h; sourceTree = "<group>"; };
		DCADFC141B90530700F6689C /* dtls1.h */ = {isa = PBXFileReference; fileEncoding = 4; lastKnownFileType = sourcecode.c.h; path = dtls1.h; sourceTree = "<group>"; };
		DCADFC151B90530700F6689C /* e_os2.h */ = {isa = PBXFileReference; fileEncoding = 4; lastKnownFileType = sourcecode.c.h; path = e_os2.h; sourceTree = "<group>"; };
		DCADFC161B90530700F6689C /* ebcdic.h */ = {isa = PBXFileReference; fileEncoding = 4; lastKnownFileType = sourcecode.c.h; path = ebcdic.h; sourceTree = "<group>"; };
		DCADFC171B90530700F6689C /* ec.h */ = {isa = PBXFileReference; fileEncoding = 4; lastKnownFileType = sourcecode.c.h; path = ec.h; sourceTree = "<group>"; };
		DCADFC181B90530700F6689C /* ecdh.h */ = {isa = PBXFileReference; fileEncoding = 4; lastKnownFileType = sourcecode.c.h; path = ecdh.h; sourceTree = "<group>"; };
		DCADFC191B90530700F6689C /* ecdsa.h */ = {isa = PBXFileReference; fileEncoding = 4; lastKnownFileType = sourcecode.c.h; path = ecdsa.h; sourceTree = "<group>"; };
		DCADFC1A1B90530700F6689C /* engine.h */ = {isa = PBXFileReference; fileEncoding = 4; lastKnownFileType = sourcecode.c.h; path = engine.h; sourceTree = "<group>"; };
		DCADFC1B1B90530700F6689C /* err.h */ = {isa = PBXFileReference; fileEncoding = 4; lastKnownFileType = sourcecode.c.h; path = err.h; sourceTree = "<group>"; };
		DCADFC1C1B90530700F6689C /* evp.h */ = {isa = PBXFileReference; fileEncoding = 4; lastKnownFileType = sourcecode.c.h; path = evp.h; sourceTree = "<group>"; };
		DCADFC1D1B90530700F6689C /* hmac.h */ = {isa = PBXFileReference; fileEncoding = 4; lastKnownFileType = sourcecode.c.h; path = hmac.h; sourceTree = "<group>"; };
		DCADFC1E1B90530700F6689C /* idea.h */ = {isa = PBXFileReference; fileEncoding = 4; lastKnownFileType = sourcecode.c.h; path = idea.h; sourceTree = "<group>"; };
		DCADFC1F1B90530700F6689C /* krb5_asn.h */ = {isa = PBXFileReference; fileEncoding = 4; lastKnownFileType = sourcecode.c.h; path = krb5_asn.h; sourceTree = "<group>"; };
		DCADFC201B90530700F6689C /* kssl.h */ = {isa = PBXFileReference; fileEncoding = 4; lastKnownFileType = sourcecode.c.h; path = kssl.h; sourceTree = "<group>"; };
		DCADFC211B90530700F6689C /* lhash.h */ = {isa = PBXFileReference; fileEncoding = 4; lastKnownFileType = sourcecode.c.h; path = lhash.h; sourceTree = "<group>"; };
		DCADFC221B90530700F6689C /* md4.h */ = {isa = PBXFileReference; fileEncoding = 4; lastKnownFileType = sourcecode.c.h; path = md4.h; sourceTree = "<group>"; };
		DCADFC231B90530700F6689C /* md5.h */ = {isa = PBXFileReference; fileEncoding = 4; lastKnownFileType = sourcecode.c.h; path = md5.h; sourceTree = "<group>"; };
		DCADFC241B90530700F6689C /* mdc2.h */ = {isa = PBXFileReference; fileEncoding = 4; lastKnownFileType = sourcecode.c.h; path = mdc2.h; sourceTree = "<group>"; };
		DCADFC251B90530700F6689C /* modes.h */ = {isa = PBXFileReference; fileEncoding = 4; lastKnownFileType = sourcecode.c.h; path = modes.h; sourceTree = "<group>"; };
		DCADFC261B90530700F6689C /* obj_mac.h */ = {isa = PBXFileReference; fileEncoding = 4; lastKnownFileType = sourcecode.c.h; path = obj_mac.h; sourceTree = "<group>"; };
		DCADFC271B90530700F6689C /* objects.h */ = {isa = PBXFileReference; fileEncoding = 4; lastKnownFileType = sourcecode.c.h; path = objects.h; sourceTree = "<group>"; };
		DCADFC281B90530700F6689C /* ocsp.h */ = {isa = PBXFileReference; fileEncoding = 4; lastKnownFileType = sourcecode.c.h; path = ocsp.h; sourceTree = "<group>"; };
		DCADFC291B90530700F6689C /* opensslconf.h */ = {isa = PBXFileReference; fileEncoding = 4; lastKnownFileType = sourcecode.c.h; path = opensslconf.h; sourceTree = "<group>"; };
		DCADFC2A1B90530700F6689C /* opensslv.h */ = {isa = PBXFileReference; fileEncoding = 4; lastKnownFileType = sourcecode.c.h; path = opensslv.h; sourceTree = "<group>"; };
		DCADFC2B1B90530700F6689C /* ossl_typ.h */ = {isa = PBXFileReference; fileEncoding = 4; lastKnownFileType = sourcecode.c.h; path = ossl_typ.h; sourceTree = "<group>"; };
		DCADFC2C1B90530700F6689C /* pem.h */ = {isa = PBXFileReference; fileEncoding = 4; lastKnownFileType = sourcecode.c.h; path = pem.h; sourceTree = "<group>"; };
		DCADFC2D1B90530700F6689C /* pem2.h */ = {isa = PBXFileReference; fileEncoding = 4; lastKnownFileType = sourcecode.c.h; path = pem2.h; sourceTree = "<group>"; };
		DCADFC2E1B90530700F6689C /* pkcs12.h */ = {isa = PBXFileReference; fileEncoding = 4; lastKnownFileType = sourcecode.c.h; path = pkcs12.h; sourceTree = "<group>"; };
		DCADFC2F1B90530700F6689C /* pkcs7.h */ = {isa = PBXFileReference; fileEncoding = 4; lastKnownFileType = sourcecode.c.h; path = pkcs7.h; sourceTree = "<group>"; };
		DCADFC301B90530700F6689C /* pqueue.h */ = {isa = PBXFileReference; fileEncoding = 4; lastKnownFileType = sourcecode.c.h; path = pqueue.h; sourceTree = "<group>"; };
		DCADFC311B90530700F6689C /* rand.h */ = {isa = PBXFileReference; fileEncoding = 4; lastKnownFileType = sourcecode.c.h; path = rand.h; sourceTree = "<group>"; };
		DCADFC321B90530700F6689C /* rc2.h */ = {isa = PBXFileReference; fileEncoding = 4; lastKnownFileType = sourcecode.c.h; path = rc2.h; sourceTree = "<group>"; };
		DCADFC331B90530700F6689C /* rc4.h */ = {isa = PBXFileReference; fileEncoding = 4; lastKnownFileType = sourcecode.c.h; path = rc4.h; sourceTree = "<group>"; };
		DCADFC341B90530700F6689C /* ripemd.h */ = {isa = PBXFileReference; fileEncoding = 4; lastKnownFileType = sourcecode.c.h; path = ripemd.h; sourceTree = "<group>"; };
		DCADFC351B90530700F6689C /* rsa.h */ = {isa = PBXFileReference; fileEncoding = 4; lastKnownFileType = sourcecode.c.h; path = rsa.h; sourceTree = "<group>"; };
		DCADFC361B90530700F6689C /* safestack.h */ = {isa = PBXFileReference; fileEncoding = 4; lastKnownFileType = sourcecode.c.h; path = safestack.h; sourceTree = "<group>"; };
		DCADFC371B90530700F6689C /* seed.h */ = {isa = PBXFileReference; fileEncoding = 4; lastKnownFileType = sourcecode.c.h; path = seed.h; sourceTree = "<group>"; };
		DCADFC381B90530700F6689C /* sha.h */ = {isa = PBXFileReference; fileEncoding = 4; lastKnownFileType = sourcecode.c.h; path = sha.h; sourceTree = "<group>"; };
		DCADFC391B90530700F6689C /* srp.h */ = {isa = PBXFileReference; fileEncoding = 4; lastKnownFileType = sourcecode.c.h; path = srp.h; sourceTree = "<group>"; };
		DCADFC3A1B90530700F6689C /* srtp.h */ = {isa = PBXFileReference; fileEncoding = 4; lastKnownFileType = sourcecode.c.h; path = srtp.h; sourceTree = "<group>"; };
		DCADFC3B1B90530700F6689C /* ssl.h */ = {isa = PBXFileReference; fileEncoding = 4; lastKnownFileType = sourcecode.c.h; path = ssl.h; sourceTree = "<group>"; };
		DCADFC3C1B90530700F6689C /* ssl2.h */ = {isa = PBXFileReference; fileEncoding = 4; lastKnownFileType = sourcecode.c.h; path = ssl2.h; sourceTree = "<group>"; };
		DCADFC3D1B90530700F6689C /* ssl23.h */ = {isa = PBXFileReference; fileEncoding = 4; lastKnownFileType = sourcecode.c.h; path = ssl23.h; sourceTree = "<group>"; };
		DCADFC3E1B90530700F6689C /* ssl3.h */ = {isa = PBXFileReference; fileEncoding = 4; lastKnownFileType = sourcecode.c.h; path = ssl3.h; sourceTree = "<group>"; };
		DCADFC3F1B90530700F6689C /* stack.h */ = {isa = PBXFileReference; fileEncoding = 4; lastKnownFileType = sourcecode.c.h; path = stack.h; sourceTree = "<group>"; };
		DCADFC401B90530700F6689C /* symhacks.h */ = {isa = PBXFileReference; fileEncoding = 4; lastKnownFileType = sourcecode.c.h; path = symhacks.h; sourceTree = "<group>"; };
		DCADFC411B90530700F6689C /* tls1.h */ = {isa = PBXFileReference; fileEncoding = 4; lastKnownFileType = sourcecode.c.h; path = tls1.h; sourceTree = "<group>"; };
		DCADFC421B90530700F6689C /* ts.h */ = {isa = PBXFileReference; fileEncoding = 4; lastKnownFileType = sourcecode.c.h; path = ts.h; sourceTree = "<group>"; };
		DCADFC431B90530700F6689C /* txt_db.h */ = {isa = PBXFileReference; fileEncoding = 4; lastKnownFileType = sourcecode.c.h; path = txt_db.h; sourceTree = "<group>"; };
		DCADFC441B90530700F6689C /* ui.h */ = {isa = PBXFileReference; fileEncoding = 4; lastKnownFileType = sourcecode.c.h; path = ui.h; sourceTree = "<group>"; };
		DCADFC451B90530700F6689C /* ui_compat.h */ = {isa = PBXFileReference; fileEncoding = 4; lastKnownFileType = sourcecode.c.h; path = ui_compat.h; sourceTree = "<group>"; };
		DCADFC461B90530700F6689C /* whrlpool.h */ = {isa = PBXFileReference; fileEncoding = 4; lastKnownFileType = sourcecode.c.h; path = whrlpool.h; sourceTree = "<group>"; };
		DCADFC471B90530700F6689C /* x509.h */ = {isa = PBXFileReference; fileEncoding = 4; lastKnownFileType = sourcecode.c.h; path = x509.h; sourceTree = "<group>"; };
		DCADFC481B90530700F6689C /* x509_vfy.h */ = {isa = PBXFileReference; fileEncoding = 4; lastKnownFileType = sourcecode.c.h; path = x509_vfy.h; sourceTree = "<group>"; };
		DCADFC491B90530700F6689C /* x509v3.h */ = {isa = PBXFileReference; fileEncoding = 4; lastKnownFileType = sourcecode.c.h; path = x509v3.h; sourceTree = "<group>"; };
		DCADFC4B1B90530700F6689C /* libcrypto.a */ = {isa = PBXFileReference; lastKnownFileType = archive.ar; path = libcrypto.a; sourceTree = "<group>"; };
		DCADFC4C1B90530700F6689C /* libssl.a */ = {isa = PBXFileReference; lastKnownFileType = archive.ar; path = libssl.a; sourceTree = "<group>"; };
		DCF1A6C01B9BD53500DBD6C8 /* AppDelegate.h */ = {isa = PBXFileReference; fileEncoding = 4; lastKnownFileType = sourcecode.c.h; path = AppDelegate.h; sourceTree = "<group>"; };
		DCF1A6C11B9BD53500DBD6C8 /* AppDelegate.m */ = {isa = PBXFileReference; fileEncoding = 4; lastKnownFileType = sourcecode.c.objc; path = AppDelegate.m; sourceTree = "<group>"; };
		DCF1A6C31B9BD53500DBD6C8 /* Base */ = {isa = PBXFileReference; lastKnownFileType = file.xib; name = Base; path = Base.lproj/LaunchScreen.xib; sourceTree = "<group>"; };
		DCF1A6C51B9BD53500DBD6C8 /* Base */ = {isa = PBXFileReference; lastKnownFileType = file.storyboard; name = Base; path = Base.lproj/Main.storyboard; sourceTree = "<group>"; };
		DCF1A6C61B9BD53500DBD6C8 /* CRSA.h */ = {isa = PBXFileReference; fileEncoding = 4; lastKnownFileType = sourcecode.c.h; path = CRSA.h; sourceTree = "<group>"; };
		DCF1A6C71B9BD53500DBD6C8 /* CRSA.m */ = {isa = PBXFileReference; fileEncoding = 4; lastKnownFileType = sourcecode.c.objc; path = CRSA.m; sourceTree = "<group>"; };
		DCF1A6C81B9BD53500DBD6C8 /* GTMBase64.h */ = {isa = PBXFileReference; fileEncoding = 4; lastKnownFileType = sourcecode.c.h; path = GTMBase64.h; sourceTree = "<group>"; };
		DCF1A6C91B9BD53500DBD6C8 /* GTMBase64.m */ = {isa = PBXFileReference; fileEncoding = 4; lastKnownFileType = sourcecode.c.objc; path = GTMBase64.m; sourceTree = "<group>"; };
		DCF1A6CA1B9BD53500DBD6C8 /* GTMDefines.h */ = {isa = PBXFileReference; fileEncoding = 4; lastKnownFileType = sourcecode.c.h; path = GTMDefines.h; sourceTree = "<group>"; };
		DCF1A6CB1B9BD53500DBD6C8 /* Images.xcassets */ = {isa = PBXFileReference; lastKnownFileType = folder.assetcatalog; path = Images.xcassets; sourceTree = "<group>"; };
		DCF1A6CC1B9BD53500DBD6C8 /* Info.plist */ = {isa = PBXFileReference; fileEncoding = 4; lastKnownFileType = text.plist.xml; path = Info.plist; sourceTree = "<group>"; };
		DCF1A6CD1B9BD53500DBD6C8 /* LcAESRSA.h */ = {isa = PBXFileReference; fileEncoding = 4; lastKnownFileType = sourcecode.c.h; path = LcAESRSA.h; sourceTree = "<group>"; };
		DCF1A6CE1B9BD53500DBD6C8 /* LcAESRSA.m */ = {isa = PBXFileReference; fileEncoding = 4; lastKnownFileType = sourcecode.c.objc; path = LcAESRSA.m; sourceTree = "<group>"; };
		DCF1A6CF1B9BD53500DBD6C8 /* main.m */ = {isa = PBXFileReference; fileEncoding = 4; lastKnownFileType = sourcecode.c.objc; path = main.m; sourceTree = "<group>"; };
		DCF1A6D01B9BD53500DBD6C8 /* NSData+AES256.h */ = {isa = PBXFileReference; fileEncoding = 4; lastKnownFileType = sourcecode.c.h; path = "NSData+AES256.h"; sourceTree = "<group>"; };
		DCF1A6D11B9BD53500DBD6C8 /* NSData+AES256.m */ = {isa = PBXFileReference; fileEncoding = 4; lastKnownFileType = sourcecode.c.objc; path = "NSData+AES256.m"; sourceTree = "<group>"; };
		DCF1A6D21B9BD53500DBD6C8 /* paypal.pkcs12 */ = {isa = PBXFileReference; fileEncoding = 4; lastKnownFileType = text; path = paypal.pkcs12; sourceTree = "<group>"; };
		DCF1A6D31B9BD53500DBD6C8 /* private_key.pem */ = {isa = PBXFileReference; fileEncoding = 4; lastKnownFileType = text; path = private_key.pem; sourceTree = "<group>"; };
		DCF1A6D41B9BD53500DBD6C8 /* public_key.pem */ = {isa = PBXFileReference; fileEncoding = 4; lastKnownFileType = text; path = public_key.pem; sourceTree = "<group>"; };
		DCF1A6D81B9BD53500DBD6C8 /* NSObject+SBJson.h */ = {isa = PBXFileReference; fileEncoding = 4; lastKnownFileType = sourcecode.c.h; path = "NSObject+SBJson.h"; sourceTree = "<group>"; };
		DCF1A6D91B9BD53500DBD6C8 /* NSObject+SBJson.m */ = {isa = PBXFileReference; fileEncoding = 4; lastKnownFileType = sourcecode.c.objc; path = "NSObject+SBJson.m"; sourceTree = "<group>"; };
		DCF1A6DA1B9BD53500DBD6C8 /* SBJson.h */ = {isa = PBXFileReference; fileEncoding = 4; lastKnownFileType = sourcecode.c.h; path = SBJson.h; sourceTree = "<group>"; };
		DCF1A6DB1B9BD53500DBD6C8 /* SBJsonParser.h */ = {isa = PBXFileReference; fileEncoding = 4; lastKnownFileType = sourcecode.c.h; path = SBJsonParser.h; sourceTree = "<group>"; };
		DCF1A6DC1B9BD53500DBD6C8 /* SBJsonParser.m */ = {isa = PBXFileReference; fileEncoding = 4; lastKnownFileType = sourcecode.c.objc; path = SBJsonParser.m; sourceTree = "<group>"; };
		DCF1A6DD1B9BD53500DBD6C8 /* SBJsonStreamParser.h */ = {isa = PBXFileReference; fileEncoding = 4; lastKnownFileType = sourcecode.c.h; path = SBJsonStreamParser.h; sourceTree = "<group>"; };
		DCF1A6DE1B9BD53500DBD6C8 /* SBJsonStreamParser.m */ = {isa = PBXFileReference; fileEncoding = 4; lastKnownFileType = sourcecode.c.objc; path = SBJsonStreamParser.m; sourceTree = "<group>"; };
		DCF1A6DF1B9BD53500DBD6C8 /* SBJsonStreamParserAccumulator.h */ = {isa = PBXFileReference; fileEncoding = 4; lastKnownFileType = sourcecode.c.h; path = SBJsonStreamParserAccumulator.h; sourceTree = "<group>"; };
		DCF1A6E01B9BD53500DBD6C8 /* SBJsonStreamParserAccumulator.m */ = {isa = PBXFileReference; fileEncoding = 4; lastKnownFileType = sourcecode.c.objc; path = SBJsonStreamParserAccumulator.m; sourceTree = "<group>"; };
		DCF1A6E11B9BD53500DBD6C8 /* SBJsonStreamParserAdapter.h */ = {isa = PBXFileReference; fileEncoding = 4; lastKnownFileType = sourcecode.c.h; path = SBJsonStreamParserAdapter.h; sourceTree = "<group>"; };
		DCF1A6E21B9BD53500DBD6C8 /* SBJsonStreamParserAdapter.m */ = {isa = PBXFileReference; fileEncoding = 4; lastKnownFileType = sourcecode.c.objc; path = SBJsonStreamParserAdapter.m; sourceTree = "<group>"; };
		DCF1A6E31B9BD53500DBD6C8 /* SBJsonStreamParserState.h */ = {isa = PBXFileReference; fileEncoding = 4; lastKnownFileType = sourcecode.c.h; path = SBJsonStreamParserState.h; sourceTree = "<group>"; };
		DCF1A6E41B9BD53500DBD6C8 /* SBJsonStreamParserState.m */ = {isa = PBXFileReference; fileEncoding = 4; lastKnownFileType = sourcecode.c.objc; path = SBJsonStreamParserState.m; sourceTree = "<group>"; };
		DCF1A6E51B9BD53500DBD6C8 /* SBJsonStreamWriter.h */ = {isa = PBXFileReference; fileEncoding = 4; lastKnownFileType = sourcecode.c.h; path = SBJsonStreamWriter.h; sourceTree = "<group>"; };
		DCF1A6E61B9BD53500DBD6C8 /* SBJsonStreamWriter.m */ = {isa = PBXFileReference; fileEncoding = 4; lastKnownFileType = sourcecode.c.objc; path = SBJsonStreamWriter.m; sourceTree = "<group>"; };
		DCF1A6E71B9BD53500DBD6C8 /* SBJsonStreamWriterAccumulator.h */ = {isa = PBXFileReference; fileEncoding = 4; lastKnownFileType = sourcecode.c.h; path = SBJsonStreamWriterAccumulator.h; sourceTree = "<group>"; };
		DCF1A6E81B9BD53500DBD6C8 /* SBJsonStreamWriterAccumulator.m */ = {isa = PBXFileReference; fileEncoding = 4; lastKnownFileType = sourcecode.c.objc; path = SBJsonStreamWriterAccumulator.m; sourceTree = "<group>"; };
		DCF1A6E91B9BD53500DBD6C8 /* SBJsonStreamWriterState.h */ = {isa = PBXFileReference; fileEncoding = 4; lastKnownFileType = sourcecode.c.h; path = SBJsonStreamWriterState.h; sourceTree = "<group>"; };
		DCF1A6EA1B9BD53500DBD6C8 /* SBJsonStreamWriterState.m */ = {isa = PBXFileReference; fileEncoding = 4; lastKnownFileType = sourcecode.c.objc; path = SBJsonStreamWriterState.m; sourceTree = "<group>"; };
		DCF1A6EB1B9BD53500DBD6C8 /* SBJsonTokeniser.h */ = {isa = PBXFileReference; fileEncoding = 4; lastKnownFileType = sourcecode.c.h; path = SBJsonTokeniser.h; sourceTree = "<group>"; };
		DCF1A6EC1B9BD53500DBD6C8 /* SBJsonTokeniser.m */ = {isa = PBXFileReference; fileEncoding = 4; lastKnownFileType = sourcecode.c.objc; path = SBJsonTokeniser.m; sourceTree = "<group>"; };
		DCF1A6ED1B9BD53500DBD6C8 /* SBJsonUTF8Stream.h */ = {isa = PBXFileReference; fileEncoding = 4; lastKnownFileType = sourcecode.c.h; path = SBJsonUTF8Stream.h; sourceTree = "<group>"; };
		DCF1A6EE1B9BD53500DBD6C8 /* SBJsonUTF8Stream.m */ = {isa = PBXFileReference; fileEncoding = 4; lastKnownFileType = sourcecode.c.objc; path = SBJsonUTF8Stream.m; sourceTree = "<group>"; };
		DCF1A6EF1B9BD53500DBD6C8 /* SBJsonWriter.h */ = {isa = PBXFileReference; fileEncoding = 4; lastKnownFileType = sourcecode.c.h; path = SBJsonWriter.h; sourceTree = "<group>"; };
		DCF1A6F01B9BD53500DBD6C8 /* SBJsonWriter.m */ = {isa = PBXFileReference; fileEncoding = 4; lastKnownFileType = sourcecode.c.objc; path = SBJsonWriter.m; sourceTree = "<group>"; };
		DCF1A6F11B9BD53500DBD6C8 /* ViewController.h */ = {isa = PBXFileReference; fileEncoding = 4; lastKnownFileType = sourcecode.c.h; path = ViewController.h; sourceTree = "<group>"; };
		DCF1A6F21B9BD53500DBD6C8 /* ViewController.m */ = {isa = PBXFileReference; fileEncoding = 4; lastKnownFileType = sourcecode.c.objc; path = ViewController.m; sourceTree = "<group>"; };
/* End PBXFileReference section */

/* Begin PBXFrameworksBuildPhase section */
		DC74ED9D1B8ED5A9008C1062 /* Frameworks */ = {
			isa = PBXFrameworksBuildPhase;
			buildActionMask = 2147483647;
			files = (
				DCADFC4E1B90530700F6689C /* libcrypto.a in Frameworks */,
				DCADFC4F1B90530700F6689C /* libssl.a in Frameworks */,
			);
			runOnlyForDeploymentPostprocessing = 0;
		};
/* End PBXFrameworksBuildPhase section */

/* Begin PBXGroup section */
		DC74ED971B8ED5A8008C1062 = {
			isa = PBXGroup;
			children = (
				DCF1A6BF1B9BD53500DBD6C8 /* AES_RSA */,
				DC74EDA11B8ED5A9008C1062 /* Products */,
			);
			sourceTree = "<group>";
		};
		DC74EDA11B8ED5A9008C1062 /* Products */ = {
			isa = PBXGroup;
			children = (
				DC74EDA01B8ED5A9008C1062 /* AES_RSA.app */,
			);
			name = Products;
			sourceTree = "<group>";
		};
		DCADFBFC1B90530700F6689C /* include */ = {
			isa = PBXGroup;
			children = (
				DCADFBFD1B90530700F6689C /* LICENSE */,
				DCADFBFE1B90530700F6689C /* openssl */,
			);
			name = include;
			path = ../include;
			sourceTree = "<group>";
		};
		DCADFBFE1B90530700F6689C /* openssl */ = {
			isa = PBXGroup;
			children = (
				DCADFBFF1B90530700F6689C /* aes.h */,
				DCADFC001B90530700F6689C /* asn1.h */,
				DCADFC011B90530700F6689C /* asn1_mac.h */,
				DCADFC021B90530700F6689C /* asn1t.h */,
				DCADFC031B90530700F6689C /* bio.h */,
				DCADFC041B90530700F6689C /* blowfish.h */,
				DCADFC051B90530700F6689C /* bn.h */,
				DCADFC061B90530700F6689C /* buffer.h */,
				DCADFC071B90530700F6689C /* camellia.h */,
				DCADFC081B90530700F6689C /* cast.h */,
				DCADFC091B90530700F6689C /* cmac.h */,
				DCADFC0A1B90530700F6689C /* cms.h */,
				DCADFC0B1B90530700F6689C /* comp.h */,
				DCADFC0C1B90530700F6689C /* conf.h */,
				DCADFC0D1B90530700F6689C /* conf_api.h */,
				DCADFC0E1B90530700F6689C /* crypto.h */,
				DCADFC0F1B90530700F6689C /* des.h */,
				DCADFC101B90530700F6689C /* des_old.h */,
				DCADFC111B90530700F6689C /* dh.h */,
				DCADFC121B90530700F6689C /* dsa.h */,
				DCADFC131B90530700F6689C /* dso.h */,
				DCADFC141B90530700F6689C /* dtls1.h */,
				DCADFC151B90530700F6689C /* e_os2.h */,
				DCADFC161B90530700F6689C /* ebcdic.h */,
				DCADFC171B90530700F6689C /* ec.h */,
				DCADFC181B90530700F6689C /* ecdh.h */,
				DCADFC191B90530700F6689C /* ecdsa.h */,
				DCADFC1A1B90530700F6689C /* engine.h */,
				DCADFC1B1B90530700F6689C /* err.h */,
				DCADFC1C1B90530700F6689C /* evp.h */,
				DCADFC1D1B90530700F6689C /* hmac.h */,
				DCADFC1E1B90530700F6689C /* idea.h */,
				DCADFC1F1B90530700F6689C /* krb5_asn.h */,
				DCADFC201B90530700F6689C /* kssl.h */,
				DCADFC211B90530700F6689C /* lhash.h */,
				DCADFC221B90530700F6689C /* md4.h */,
				DCADFC231B90530700F6689C /* md5.h */,
				DCADFC241B90530700F6689C /* mdc2.h */,
				DCADFC251B90530700F6689C /* modes.h */,
				DCADFC261B90530700F6689C /* obj_mac.h */,
				DCADFC271B90530700F6689C /* objects.h */,
				DCADFC281B90530700F6689C /* ocsp.h */,
				DCADFC291B90530700F6689C /* opensslconf.h */,
				DCADFC2A1B90530700F6689C /* opensslv.h */,
				DCADFC2B1B90530700F6689C /* ossl_typ.h */,
				DCADFC2C1B90530700F6689C /* pem.h */,
				DCADFC2D1B90530700F6689C /* pem2.h */,
				DCADFC2E1B90530700F6689C /* pkcs12.h */,
				DCADFC2F1B90530700F6689C /* pkcs7.h */,
				DCADFC301B90530700F6689C /* pqueue.h */,
				DCADFC311B90530700F6689C /* rand.h */,
				DCADFC321B90530700F6689C /* rc2.h */,
				DCADFC331B90530700F6689C /* rc4.h */,
				DCADFC341B90530700F6689C /* ripemd.h */,
				DCADFC351B90530700F6689C /* rsa.h */,
				DCADFC361B90530700F6689C /* safestack.h */,
				DCADFC371B90530700F6689C /* seed.h */,
				DCADFC381B90530700F6689C /* sha.h */,
				DCADFC391B90530700F6689C /* srp.h */,
				DCADFC3A1B90530700F6689C /* srtp.h */,
				DCADFC3B1B90530700F6689C /* ssl.h */,
				DCADFC3C1B90530700F6689C /* ssl2.h */,
				DCADFC3D1B90530700F6689C /* ssl23.h */,
				DCADFC3E1B90530700F6689C /* ssl3.h */,
				DCADFC3F1B90530700F6689C /* stack.h */,
				DCADFC401B90530700F6689C /* symhacks.h */,
				DCADFC411B90530700F6689C /* tls1.h */,
				DCADFC421B90530700F6689C /* ts.h */,
				DCADFC431B90530700F6689C /* txt_db.h */,
				DCADFC441B90530700F6689C /* ui.h */,
				DCADFC451B90530700F6689C /* ui_compat.h */,
				DCADFC461B90530700F6689C /* whrlpool.h */,
				DCADFC471B90530700F6689C /* x509.h */,
				DCADFC481B90530700F6689C /* x509_vfy.h */,
				DCADFC491B90530700F6689C /* x509v3.h */,
			);
			path = openssl;
			sourceTree = "<group>";
		};
		DCADFC4A1B90530700F6689C /* lib */ = {
			isa = PBXGroup;
			children = (
				DCADFC4B1B90530700F6689C /* libcrypto.a */,
				DCADFC4C1B90530700F6689C /* libssl.a */,
			);
			name = lib;
			path = ../lib;
			sourceTree = "<group>";
		};
		DCF1A6BF1B9BD53500DBD6C8 /* AES_RSA */ = {
			isa = PBXGroup;
			children = (
				DCF1A6C01B9BD53500DBD6C8 /* AppDelegate.h */,
				DCF1A6C11B9BD53500DBD6C8 /* AppDelegate.m */,
				DCF1A7111B9BD5A600DBD6C8 /* resource */,
				DCF1A7101B9BD58600DBD6C8 /* classes */,
				DCF1A70F1B9BD56700DBD6C8 /* common */,
			);
			path = AES_RSA;
			sourceTree = "<group>";
		};
		DCF1A6D61B9BD53500DBD6C8 /* SBJson */ = {
			isa = PBXGroup;
			children = (
				DCF1A6D71B9BD53500DBD6C8 /* Classes */,
			);
			path = SBJson;
			sourceTree = "<group>";
		};
		DCF1A6D71B9BD53500DBD6C8 /* Classes */ = {
			isa = PBXGroup;
			children = (
				DCF1A6D81B9BD53500DBD6C8 /* NSObject+SBJson.h */,
				DCF1A6D91B9BD53500DBD6C8 /* NSObject+SBJson.m */,
				DCF1A6DA1B9BD53500DBD6C8 /* SBJson.h */,
				DCF1A6DB1B9BD53500DBD6C8 /* SBJsonParser.h */,
				DCF1A6DC1B9BD53500DBD6C8 /* SBJsonParser.m */,
				DCF1A6DD1B9BD53500DBD6C8 /* SBJsonStreamParser.h */,
				DCF1A6DE1B9BD53500DBD6C8 /* SBJsonStreamParser.m */,
				DCF1A6DF1B9BD53500DBD6C8 /* SBJsonStreamParserAccumulator.h */,
				DCF1A6E01B9BD53500DBD6C8 /* SBJsonStreamParserAccumulator.m */,
				DCF1A6E11B9BD53500DBD6C8 /* SBJsonStreamParserAdapter.h */,
				DCF1A6E21B9BD53500DBD6C8 /* SBJsonStreamParserAdapter.m */,
				DCF1A6E31B9BD53500DBD6C8 /* SBJsonStreamParserState.h */,
				DCF1A6E41B9BD53500DBD6C8 /* SBJsonStreamParserState.m */,
				DCF1A6E51B9BD53500DBD6C8 /* SBJsonStreamWriter.h */,
				DCF1A6E61B9BD53500DBD6C8 /* SBJsonStreamWriter.m */,
				DCF1A6E71B9BD53500DBD6C8 /* SBJsonStreamWriterAccumulator.h */,
				DCF1A6E81B9BD53500DBD6C8 /* SBJsonStreamWriterAccumulator.m */,
				DCF1A6E91B9BD53500DBD6C8 /* SBJsonStreamWriterState.h */,
				DCF1A6EA1B9BD53500DBD6C8 /* SBJsonStreamWriterState.m */,
				DCF1A6EB1B9BD53500DBD6C8 /* SBJsonTokeniser.h */,
				DCF1A6EC1B9BD53500DBD6C8 /* SBJsonTokeniser.m */,
				DCF1A6ED1B9BD53500DBD6C8 /* SBJsonUTF8Stream.h */,
				DCF1A6EE1B9BD53500DBD6C8 /* SBJsonUTF8Stream.m */,
				DCF1A6EF1B9BD53500DBD6C8 /* SBJsonWriter.h */,
				DCF1A6F01B9BD53500DBD6C8 /* SBJsonWriter.m */,
			);
			path = Classes;
			sourceTree = "<group>";
		};
		DCF1A70F1B9BD56700DBD6C8 /* common */ = {
			isa = PBXGroup;
			children = (
				DCADFBFC1B90530700F6689C /* include */,
				DCADFC4A1B90530700F6689C /* lib */,
				DCF1A6D61B9BD53500DBD6C8 /* SBJson */,
				DCF1A6CD1B9BD53500DBD6C8 /* LcAESRSA.h */,
				DCF1A6CE1B9BD53500DBD6C8 /* LcAESRSA.m */,
				DCF1A6D01B9BD53500DBD6C8 /* NSData+AES256.h */,
				DCF1A6D11B9BD53500DBD6C8 /* NSData+AES256.m */,
				DCF1A6C61B9BD53500DBD6C8 /* CRSA.h */,
				DCF1A6C71B9BD53500DBD6C8 /* CRSA.m */,
				DCF1A6C81B9BD53500DBD6C8 /* GTMBase64.h */,
				DCF1A6C91B9BD53500DBD6C8 /* GTMBase64.m */,
				DCF1A6CA1B9BD53500DBD6C8 /* GTMDefines.h */,
			);
			name = common;
			sourceTree = "<group>";
		};
		DCF1A7101B9BD58600DBD6C8 /* classes */ = {
			isa = PBXGroup;
			children = (
				DCF1A6CF1B9BD53500DBD6C8 /* main.m */,
				DCF1A6F11B9BD53500DBD6C8 /* ViewController.h */,
				DCF1A6F21B9BD53500DBD6C8 /* ViewController.m */,
				DCF1A6C21B9BD53500DBD6C8 /* LaunchScreen.xib */,
				DCF1A6C41B9BD53500DBD6C8 /* Main.storyboard */,
			);
			name = classes;
			sourceTree = "<group>";
		};
		DCF1A7111B9BD5A600DBD6C8 /* resource */ = {
			isa = PBXGroup;
			children = (
				DCF1A6CB1B9BD53500DBD6C8 /* Images.xcassets */,
				DCF1A6CC1B9BD53500DBD6C8 /* Info.plist */,
				DCF1A6D21B9BD53500DBD6C8 /* paypal.pkcs12 */,
				DCF1A6D31B9BD53500DBD6C8 /* private_key.pem */,
				DCF1A6D41B9BD53500DBD6C8 /* public_key.pem */,
			);
			name = resource;
			sourceTree = "<group>";
		};
/* End PBXGroup section */

/* Begin PBXNativeTarget section */
		DC74ED9F1B8ED5A9008C1062 /* AES_RSA */ = {
			isa = PBXNativeTarget;
			buildConfigurationList = DC74EDC31B8ED5A9008C1062 /* Build configuration list for PBXNativeTarget "AES_RSA" */;
			buildPhases = (
				DC74ED9C1B8ED5A9008C1062 /* Sources */,
				DC74ED9D1B8ED5A9008C1062 /* Frameworks */,
				DC74ED9E1B8ED5A9008C1062 /* Resources */,
			);
			buildRules = (
			);
			dependencies = (
			);
			name = AES_RSA;
			productName = Test11;
			productReference = DC74EDA01B8ED5A9008C1062 /* AES_RSA.app */;
			productType = "com.apple.product-type.application";
		};
/* End PBXNativeTarget section */

/* Begin PBXProject section */
		DC74ED981B8ED5A8008C1062 /* Project object */ = {
			isa = PBXProject;
			attributes = {
				LastUpgradeCheck = 0640;
				ORGANIZATIONNAME = StephenZhu;
				TargetAttributes = {
					DC74ED9F1B8ED5A9008C1062 = {
						CreatedOnToolsVersion = 6.4;
					};
				};
			};
			buildConfigurationList = DC74ED9B1B8ED5A8008C1062 /* Build configuration list for PBXProject "AES_RSA" */;
			compatibilityVersion = "Xcode 3.2";
			developmentRegion = English;
			hasScannedForEncodings = 0;
			knownRegions = (
				en,
				Base,
			);
			mainGroup = DC74ED971B8ED5A8008C1062;
			productRefGroup = DC74EDA11B8ED5A9008C1062 /* Products */;
			projectDirPath = "";
			projectRoot = "";
			targets = (
				DC74ED9F1B8ED5A9008C1062 /* AES_RSA */,
			);
		};
/* End PBXProject section */

/* Begin PBXResourcesBuildPhase section */
		DC74ED9E1B8ED5A9008C1062 /* Resources */ = {
			isa = PBXResourcesBuildPhase;
			buildActionMask = 2147483647;
			files = (
				DCF1A6FF1B9BD53500DBD6C8 /* paypal.pkcs12 in Resources */,
				DCF1A7001B9BD53500DBD6C8 /* private_key.pem in Resources */,
				DCF1A6FA1B9BD53500DBD6C8 /* Images.xcassets in Resources */,
				DCF1A7011B9BD53500DBD6C8 /* public_key.pem in Resources */,
				DCF1A6FB1B9BD53500DBD6C8 /* Info.plist in Resources */,
				DCF1A6F61B9BD53500DBD6C8 /* LaunchScreen.xib in Resources */,
				DCADFC4D1B90530700F6689C /* LICENSE in Resources */,
				DCF1A6F71B9BD53500DBD6C8 /* Main.storyboard in Resources */,
			);
			runOnlyForDeploymentPostprocessing = 0;
		};
/* End PBXResourcesBuildPhase section */

/* Begin PBXSourcesBuildPhase section */
		DC74ED9C1B8ED5A9008C1062 /* Sources */ = {
			isa = PBXSourcesBuildPhase;
			buildActionMask = 2147483647;
			files = (
				DCF1A70B1B9BD53500DBD6C8 /* SBJsonTokeniser.m in Sources */,
				DCF1A6FC1B9BD53500DBD6C8 /* LcAESRSA.m in Sources */,
				DCF1A6F81B9BD53500DBD6C8 /* CRSA.m in Sources */,
				DCF1A7071B9BD53500DBD6C8 /* SBJsonStreamParserState.m in Sources */,
				DCF1A6F51B9BD53500DBD6C8 /* AppDelegate.m in Sources */,
				DCF1A6FD1B9BD53500DBD6C8 /* main.m in Sources */,
				DCF1A70D1B9BD53500DBD6C8 /* SBJsonWriter.m in Sources */,
				DCF1A6FE1B9BD53500DBD6C8 /* NSData+AES256.m in Sources */,
				DCF1A7051B9BD53500DBD6C8 /* SBJsonStreamParserAccumulator.m in Sources */,
				DCF1A7031B9BD53500DBD6C8 /* SBJsonParser.m in Sources */,
				DCF1A7021B9BD53500DBD6C8 /* NSObject+SBJson.m in Sources */,
				DCF1A70C1B9BD53500DBD6C8 /* SBJsonUTF8Stream.m in Sources */,
				DCF1A6F91B9BD53500DBD6C8 /* GTMBase64.m in Sources */,
				DCF1A70E1B9BD53500DBD6C8 /* ViewController.m in Sources */,
				DCF1A7091B9BD53500DBD6C8 /* SBJsonStreamWriterAccumulator.m in Sources */,
				DCF1A7081B9BD53500DBD6C8 /* SBJsonStreamWriter.m in Sources */,
				DCF1A70A1B9BD53500DBD6C8 /* SBJsonStreamWriterState.m in Sources */,
				DCF1A7041B9BD53500DBD6C8 /* SBJsonStreamParser.m in Sources */,
				DCF1A7061B9BD53500DBD6C8 /* SBJsonStreamParserAdapter.m in Sources */,
			);
			runOnlyForDeploymentPostprocessing = 0;
		};
/* End PBXSourcesBuildPhase section */

/* Begin PBXVariantGroup section */
		DCF1A6C21B9BD53500DBD6C8 /* LaunchScreen.xib */ = {
			isa = PBXVariantGroup;
			children = (
				DCF1A6C31B9BD53500DBD6C8 /* Base */,
			);
			name = LaunchScreen.xib;
			sourceTree = "<group>";
		};
		DCF1A6C41B9BD53500DBD6C8 /* Main.storyboard */ = {
			isa = PBXVariantGroup;
			children = (
				DCF1A6C51B9BD53500DBD6C8 /* Base */,
			);
			name = Main.storyboard;
			sourceTree = "<group>";
		};
/* End PBXVariantGroup section */

/* Begin XCBuildConfiguration section */
		DC74EDC11B8ED5A9008C1062 /* Debug */ = {
			isa = XCBuildConfiguration;
			buildSettings = {
				ALWAYS_SEARCH_USER_PATHS = NO;
				CLANG_CXX_LANGUAGE_STANDARD = "gnu++0x";
				CLANG_CXX_LIBRARY = "libc++";
				CLANG_ENABLE_MODULES = YES;
				CLANG_ENABLE_OBJC_ARC = YES;
				CLANG_WARN_BOOL_CONVERSION = YES;
				CLANG_WARN_CONSTANT_CONVERSION = YES;
				CLANG_WARN_DIRECT_OBJC_ISA_USAGE = YES_ERROR;
				CLANG_WARN_EMPTY_BODY = YES;
				CLANG_WARN_ENUM_CONVERSION = YES;
				CLANG_WARN_INT_CONVERSION = YES;
				CLANG_WARN_OBJC_ROOT_CLASS = YES_ERROR;
				CLANG_WARN_UNREACHABLE_CODE = YES;
				CLANG_WARN__DUPLICATE_METHOD_MATCH = YES;
				"CODE_SIGN_IDENTITY[sdk=iphoneos*]" = "iPhone Developer";
				COPY_PHASE_STRIP = NO;
				DEBUG_INFORMATION_FORMAT = "dwarf-with-dsym";
				ENABLE_STRICT_OBJC_MSGSEND = YES;
				GCC_C_LANGUAGE_STANDARD = gnu99;
				GCC_DYNAMIC_NO_PIC = NO;
				GCC_NO_COMMON_BLOCKS = YES;
				GCC_OPTIMIZATION_LEVEL = 0;
				GCC_PREPROCESSOR_DEFINITIONS = (
					"DEBUG=1",
					"$(inherited)",
				);
				GCC_SYMBOLS_PRIVATE_EXTERN = NO;
				GCC_WARN_64_TO_32_BIT_CONVERSION = YES;
				GCC_WARN_ABOUT_RETURN_TYPE = YES_ERROR;
				GCC_WARN_UNDECLARED_SELECTOR = YES;
				GCC_WARN_UNINITIALIZED_AUTOS = YES_AGGRESSIVE;
				GCC_WARN_UNUSED_FUNCTION = YES;
				GCC_WARN_UNUSED_VARIABLE = YES;
				IPHONEOS_DEPLOYMENT_TARGET = 8.4;
				MTL_ENABLE_DEBUG_INFO = YES;
				ONLY_ACTIVE_ARCH = YES;
				SDKROOT = iphoneos;
				TARGETED_DEVICE_FAMILY = "1,2";
			};
			name = Debug;
		};
		DC74EDC21B8ED5A9008C1062 /* Release */ = {
			isa = XCBuildConfiguration;
			buildSettings = {
				ALWAYS_SEARCH_USER_PATHS = NO;
				CLANG_CXX_LANGUAGE_STANDARD = "gnu++0x";
				CLANG_CXX_LIBRARY = "libc++";
				CLANG_ENABLE_MODULES = YES;
				CLANG_ENABLE_OBJC_ARC = YES;
				CLANG_WARN_BOOL_CONVERSION = YES;
				CLANG_WARN_CONSTANT_CONVERSION = YES;
				CLANG_WARN_DIRECT_OBJC_ISA_USAGE = YES_ERROR;
				CLANG_WARN_EMPTY_BODY = YES;
				CLANG_WARN_ENUM_CONVERSION = YES;
				CLANG_WARN_INT_CONVERSION = YES;
				CLANG_WARN_OBJC_ROOT_CLASS = YES_ERROR;
				CLANG_WARN_UNREACHABLE_CODE = YES;
				CLANG_WARN__DUPLICATE_METHOD_MATCH = YES;
				"CODE_SIGN_IDENTITY[sdk=iphoneos*]" = "iPhone Developer";
				COPY_PHASE_STRIP = NO;
				DEBUG_INFORMATION_FORMAT = "dwarf-with-dsym";
				ENABLE_NS_ASSERTIONS = NO;
				ENABLE_STRICT_OBJC_MSGSEND = YES;
				GCC_C_LANGUAGE_STANDARD = gnu99;
				GCC_NO_COMMON_BLOCKS = YES;
				GCC_WARN_64_TO_32_BIT_CONVERSION = YES;
				GCC_WARN_ABOUT_RETURN_TYPE = YES_ERROR;
				GCC_WARN_UNDECLARED_SELECTOR = YES;
				GCC_WARN_UNINITIALIZED_AUTOS = YES_AGGRESSIVE;
				GCC_WARN_UNUSED_FUNCTION = YES;
				GCC_WARN_UNUSED_VARIABLE = YES;
				IPHONEOS_DEPLOYMENT_TARGET = 8.4;
				MTL_ENABLE_DEBUG_INFO = NO;
				SDKROOT = iphoneos;
				TARGETED_DEVICE_FAMILY = "1,2";
				VALIDATE_PRODUCT = YES;
			};
			name = Release;
		};
		DC74EDC41B8ED5A9008C1062 /* Debug */ = {
			isa = XCBuildConfiguration;
			buildSettings = {
				ASSETCATALOG_COMPILER_APPICON_NAME = AppIcon;
				FRAMEWORK_SEARCH_PATHS = (
					"$(inherited)",
					"$(PROJECT_DIR)",
					"$(PROJECT_DIR)/lib",
				);
				HEADER_SEARCH_PATHS = (
					"$(inherited)",
					/Applications/Xcode.app/Contents/Developer/Toolchains/XcodeDefault.xctoolchain/usr/include,
					include,
				);
				INFOPLIST_FILE = AES_RSA/Info.plist;
				LD_RUNPATH_SEARCH_PATHS = "$(inherited) @executable_path/Frameworks";
				LIBRARY_SEARCH_PATHS = (
					"$(inherited)",
					"$(PROJECT_DIR)/lib",
					"\"$(SRCROOT)/lib\"",
				);
				OTHER_CFLAGS = "-Ipath-to-include";
				PRODUCT_NAME = AES_RSA;
			};
			name = Debug;
		};
		DC74EDC51B8ED5A9008C1062 /* Release */ = {
			isa = XCBuildConfiguration;
			buildSettings = {
				ASSETCATALOG_COMPILER_APPICON_NAME = AppIcon;
				FRAMEWORK_SEARCH_PATHS = (
					"$(inherited)",
					"$(PROJECT_DIR)",
					"$(PROJECT_DIR)/lib",
				);
				HEADER_SEARCH_PATHS = (
					"$(inherited)",
					/Applications/Xcode.app/Contents/Developer/Toolchains/XcodeDefault.xctoolchain/usr/include,
					include,
				);
				INFOPLIST_FILE = AES_RSA/Info.plist;
				LD_RUNPATH_SEARCH_PATHS = "$(inherited) @executable_path/Frameworks";
				LIBRARY_SEARCH_PATHS = (
					"$(inherited)",
					"$(PROJECT_DIR)/lib",
					"\"$(SRCROOT)/lib\"",
				);
				OTHER_CFLAGS = "-Ipath-to-include";
				PRODUCT_NAME = AES_RSA;
			};
			name = Release;
		};
/* End XCBuildConfiguration section */

/* Begin XCConfigurationList section */
		DC74ED9B1B8ED5A8008C1062 /* Build configuration list for PBXProject "AES_RSA" */ = {
			isa = XCConfigurationList;
			buildConfigurations = (
				DC74EDC11B8ED5A9008C1062 /* Debug */,
				DC74EDC21B8ED5A9008C1062 /* Release */,
			);
			defaultConfigurationIsVisible = 0;
			defaultConfigurationName = Release;
		};
		DC74EDC31B8ED5A9008C1062 /* Build configuration list for PBXNativeTarget "AES_RSA" */ = {
			isa = XCConfigurationList;
			buildConfigurations = (
				DC74EDC41B8ED5A9008C1062 /* Debug */,
				DC74EDC51B8ED5A9008C1062 /* Release */,
			);
			defaultConfigurationIsVisible = 0;
			defaultConfigurationName = Release;
		};
/* End XCConfigurationList section */
	};
	rootObject = DC74ED981B8ED5A8008C1062 /* Project object */;
}
